// !$*UTF8*$!
{
	archiveVersion = 1;
	classes = {
	};
	objectVersion = 48;
	objects = {

/* Begin PBXBuildFile section */
		256AE4EA731B2A47B14AD029 /* Pods_SwiftTestProject.framework in Frameworks */ = {isa = PBXBuildFile; fileRef = 1D8BBB858DD5DBD0D245D613 /* Pods_SwiftTestProject.framework */; };
		411BCC692043213800B94C2F /* TeamCell.swift in Sources */ = {isa = PBXBuildFile; fileRef = 411BCC662043213800B94C2F /* TeamCell.swift */; };
		411BCC6A2043213800B94C2F /* TeamCellViewModel.swift in Sources */ = {isa = PBXBuildFile; fileRef = 411BCC672043213800B94C2F /* TeamCellViewModel.swift */; };
		411BCC6B2043213800B94C2F /* TeamCell.xib in Resources */ = {isa = PBXBuildFile; fileRef = 411BCC682043213800B94C2F /* TeamCell.xib */; };
		413260EA202A4E98009B17D1 /* NetworkingError.swift in Sources */ = {isa = PBXBuildFile; fileRef = 413260E9202A4E98009B17D1 /* NetworkingError.swift */; };
		413260EC202A4EC3009B17D1 /* ApiResponce.swift in Sources */ = {isa = PBXBuildFile; fileRef = 413260EB202A4EC3009B17D1 /* ApiResponce.swift */; };
		413260EE202A50C4009B17D1 /* TargetType.swift in Sources */ = {isa = PBXBuildFile; fileRef = 413260ED202A50C4009B17D1 /* TargetType.swift */; };
		413260F0202A5248009B17D1 /* Encoding.swift in Sources */ = {isa = PBXBuildFile; fileRef = 413260EF202A5248009B17D1 /* Encoding.swift */; };
		413260F3202B7379009B17D1 /* Rider.swift in Sources */ = {isa = PBXBuildFile; fileRef = 413260F2202B7379009B17D1 /* Rider.swift */; };
		413260F5202B89A6009B17D1 /* Method.swift in Sources */ = {isa = PBXBuildFile; fileRef = 413260F4202B89A6009B17D1 /* Method.swift */; };
		413260FA202BA4C7009B17D1 /* RiderTableViewCell.swift in Sources */ = {isa = PBXBuildFile; fileRef = 413260F7202BA4C7009B17D1 /* RiderTableViewCell.swift */; };
		413260FB202BA4C7009B17D1 /* RiderTableViewCellViewModel.swift in Sources */ = {isa = PBXBuildFile; fileRef = 413260F8202BA4C7009B17D1 /* RiderTableViewCellViewModel.swift */; };
		413260FC202BA4C7009B17D1 /* RiderTableViewCell.xib in Resources */ = {isa = PBXBuildFile; fileRef = 413260F9202BA4C7009B17D1 /* RiderTableViewCell.xib */; };
		413260FF202BAC25009B17D1 /* RiderMapper.swift in Sources */ = {isa = PBXBuildFile; fileRef = 413260FE202BAC25009B17D1 /* RiderMapper.swift */; };
		415F43412031E9AF00EB18BE /* TeamsPresenter.swift in Sources */ = {isa = PBXBuildFile; fileRef = 415F433C2031E9AF00EB18BE /* TeamsPresenter.swift */; };
		415F43422031E9AF00EB18BE /* TeamsRouter.swift in Sources */ = {isa = PBXBuildFile; fileRef = 415F433D2031E9AF00EB18BE /* TeamsRouter.swift */; };
		415F43432031E9AF00EB18BE /* TeamsViewController.swift in Sources */ = {isa = PBXBuildFile; fileRef = 415F433E2031E9AF00EB18BE /* TeamsViewController.swift */; };
		415F43442031E9AF00EB18BE /* TeamsInteractor.swift in Sources */ = {isa = PBXBuildFile; fileRef = 415F433F2031E9AF00EB18BE /* TeamsInteractor.swift */; };
		415F43452031E9AF00EB18BE /* TeamsViewController.xib in Resources */ = {isa = PBXBuildFile; fileRef = 415F43402031E9AF00EB18BE /* TeamsViewController.xib */; };
		415F43602031EE4500EB18BE /* TeamTableViewCell.swift in Sources */ = {isa = PBXBuildFile; fileRef = 415F435D2031EE4500EB18BE /* TeamTableViewCell.swift */; };
		415F43612031EE4500EB18BE /* TeamTableViewCellViewModel.swift in Sources */ = {isa = PBXBuildFile; fileRef = 415F435E2031EE4500EB18BE /* TeamTableViewCellViewModel.swift */; };
		415F43622031EE4500EB18BE /* TeamTableViewCell.xib in Resources */ = {isa = PBXBuildFile; fileRef = 415F435F2031EE4500EB18BE /* TeamTableViewCell.xib */; };
		415F43642031EE6100EB18BE /* Team.swift in Sources */ = {isa = PBXBuildFile; fileRef = 415F43632031EE6100EB18BE /* Team.swift */; };
		415F43662031F0AF00EB18BE /* TeamMapper.swift in Sources */ = {isa = PBXBuildFile; fileRef = 415F43652031F0AF00EB18BE /* TeamMapper.swift */; };
		415F43682031F15100EB18BE /* TeamsService.swift in Sources */ = {isa = PBXBuildFile; fileRef = 415F43672031F15100EB18BE /* TeamsService.swift */; };
		41650B002030CE700083B5DB /* ProfileRiderPresenter.swift in Sources */ = {isa = PBXBuildFile; fileRef = 41650AFB2030CE700083B5DB /* ProfileRiderPresenter.swift */; };
		41650B012030CE700083B5DB /* ProfileRiderRouter.swift in Sources */ = {isa = PBXBuildFile; fileRef = 41650AFC2030CE700083B5DB /* ProfileRiderRouter.swift */; };
		41650B022030CE700083B5DB /* ProfileRiderViewController.swift in Sources */ = {isa = PBXBuildFile; fileRef = 41650AFD2030CE700083B5DB /* ProfileRiderViewController.swift */; };
		41650B032030CE700083B5DB /* ProfileRiderInteractor.swift in Sources */ = {isa = PBXBuildFile; fileRef = 41650AFE2030CE700083B5DB /* ProfileRiderInteractor.swift */; };
		41650B042030CE700083B5DB /* ProfileRiderViewController.xib in Resources */ = {isa = PBXBuildFile; fileRef = 41650AFF2030CE700083B5DB /* ProfileRiderViewController.xib */; };
		41650B062030E65B0083B5DB /* NavigationRouter.swift in Sources */ = {isa = PBXBuildFile; fileRef = 41650B052030E65B0083B5DB /* NavigationRouter.swift */; };
		41650B0A2030EE900083B5DB /* ProfileRiderViewModel.swift in Sources */ = {isa = PBXBuildFile; fileRef = 41650B092030EE900083B5DB /* ProfileRiderViewModel.swift */; };
		416547D4203D938900B1C3A3 /* Profile.swift in Sources */ = {isa = PBXBuildFile; fileRef = 416547D3203D938900B1C3A3 /* Profile.swift */; };
		416547D6203D978B00B1C3A3 /* ProfileMapper.swift in Sources */ = {isa = PBXBuildFile; fileRef = 416547D5203D978B00B1C3A3 /* ProfileMapper.swift */; };
		41CF9FEF2040435F00BE1005 /* PhotoCell.swift in Sources */ = {isa = PBXBuildFile; fileRef = 41CF9FEC2040435F00BE1005 /* PhotoCell.swift */; };
		41CF9FF02040435F00BE1005 /* PhotoCellViewModel.swift in Sources */ = {isa = PBXBuildFile; fileRef = 41CF9FED2040435F00BE1005 /* PhotoCellViewModel.swift */; };
		41CF9FF12040435F00BE1005 /* PhotoCell.xib in Resources */ = {isa = PBXBuildFile; fileRef = 41CF9FEE2040435F00BE1005 /* PhotoCell.xib */; };
		41CF9FF820404D6B00BE1005 /* TableViewCell.swift in Sources */ = {isa = PBXBuildFile; fileRef = 41CF9FF720404D6B00BE1005 /* TableViewCell.swift */; };
		41CF9FFC20407BC600BE1005 /* InfoCell.swift in Sources */ = {isa = PBXBuildFile; fileRef = 41CF9FF920407BC600BE1005 /* InfoCell.swift */; };
		41CF9FFD20407BC600BE1005 /* InfoCellViewModel.swift in Sources */ = {isa = PBXBuildFile; fileRef = 41CF9FFA20407BC600BE1005 /* InfoCellViewModel.swift */; };
		41CF9FFE20407BC600BE1005 /* InfoCell.xib in Resources */ = {isa = PBXBuildFile; fileRef = 41CF9FFB20407BC600BE1005 /* InfoCell.xib */; };
		41CFA00220407BCF00BE1005 /* BikeCell.swift in Sources */ = {isa = PBXBuildFile; fileRef = 41CF9FFF20407BCF00BE1005 /* BikeCell.swift */; };
		41CFA00320407BCF00BE1005 /* BikeCellViewModel.swift in Sources */ = {isa = PBXBuildFile; fileRef = 41CFA00020407BCF00BE1005 /* BikeCellViewModel.swift */; };
		41CFA00420407BCF00BE1005 /* BikeCell.xib in Resources */ = {isa = PBXBuildFile; fileRef = 41CFA00120407BCF00BE1005 /* BikeCell.xib */; };
		41CFA00820407BE600BE1005 /* PersonalInformationCell.swift in Sources */ = {isa = PBXBuildFile; fileRef = 41CFA00520407BE600BE1005 /* PersonalInformationCell.swift */; };
		41CFA00920407BE600BE1005 /* PersonalInformationCellViewModel.swift in Sources */ = {isa = PBXBuildFile; fileRef = 41CFA00620407BE600BE1005 /* PersonalInformationCellViewModel.swift */; };
		41CFA00A20407BE600BE1005 /* PersonalInformationCell.xib in Resources */ = {isa = PBXBuildFile; fileRef = 41CFA00720407BE600BE1005 /* PersonalInformationCell.xib */; };
		41CFA00E20407BF400BE1005 /* DetailsInfoCell.swift in Sources */ = {isa = PBXBuildFile; fileRef = 41CFA00B20407BF400BE1005 /* DetailsInfoCell.swift */; };
		41CFA00F20407BF400BE1005 /* DetailsInfoCellViewModel.swift in Sources */ = {isa = PBXBuildFile; fileRef = 41CFA00C20407BF400BE1005 /* DetailsInfoCellViewModel.swift */; };
		41CFA01020407BF400BE1005 /* DetailsInfoCell.xib in Resources */ = {isa = PBXBuildFile; fileRef = 41CFA00D20407BF400BE1005 /* DetailsInfoCell.xib */; };
		41FBEBC92027800F003750D6 /* AppDelegate.swift in Sources */ = {isa = PBXBuildFile; fileRef = 41FBEBC82027800F003750D6 /* AppDelegate.swift */; };
		41FBEBD02027800F003750D6 /* Assets.xcassets in Resources */ = {isa = PBXBuildFile; fileRef = 41FBEBCF2027800F003750D6 /* Assets.xcassets */; };
		41FBEBD32027800F003750D6 /* LaunchScreen.storyboard in Resources */ = {isa = PBXBuildFile; fileRef = 41FBEBD12027800F003750D6 /* LaunchScreen.storyboard */; };
		41FBEBDF20278447003750D6 /* RidersPresenter.swift in Sources */ = {isa = PBXBuildFile; fileRef = 41FBEBDA20278447003750D6 /* RidersPresenter.swift */; };
		41FBEBE020278447003750D6 /* RidersRouter.swift in Sources */ = {isa = PBXBuildFile; fileRef = 41FBEBDB20278447003750D6 /* RidersRouter.swift */; };
		41FBEBE120278447003750D6 /* RidersViewController.swift in Sources */ = {isa = PBXBuildFile; fileRef = 41FBEBDC20278447003750D6 /* RidersViewController.swift */; };
		41FBEBE220278447003750D6 /* RidersInteractor.swift in Sources */ = {isa = PBXBuildFile; fileRef = 41FBEBDD20278447003750D6 /* RidersInteractor.swift */; };
		41FBEBE320278447003750D6 /* RidersViewController.xib in Resources */ = {isa = PBXBuildFile; fileRef = 41FBEBDE20278447003750D6 /* RidersViewController.xib */; };
		41FBEBE7202784EA003750D6 /* AppDelegateInteractor.swift in Sources */ = {isa = PBXBuildFile; fileRef = 41FBEBE6202784EA003750D6 /* AppDelegateInteractor.swift */; };
		41FBEBE9202784F7003750D6 /* AppDelegateRouter.swift in Sources */ = {isa = PBXBuildFile; fileRef = 41FBEBE8202784F7003750D6 /* AppDelegateRouter.swift */; };
		41FBEBEB20278908003750D6 /* NSObjectExtensions.swift in Sources */ = {isa = PBXBuildFile; fileRef = 41FBEBEA20278908003750D6 /* NSObjectExtensions.swift */; };
		41FBEBEF20278F56003750D6 /* RidersService.swift in Sources */ = {isa = PBXBuildFile; fileRef = 41FBEBEE20278F56003750D6 /* RidersService.swift */; };
		41FBEBF320278FCF003750D6 /* ApiService.swift in Sources */ = {isa = PBXBuildFile; fileRef = 41FBEBF220278FCF003750D6 /* ApiService.swift */; };
		41FBEBF620279027003750D6 /* AmazonApiToken.swift in Sources */ = {isa = PBXBuildFile; fileRef = 41FBEBF520279027003750D6 /* AmazonApiToken.swift */; };
		41FBEBF82027903E003750D6 /* AmazonApiRequestManager.swift in Sources */ = {isa = PBXBuildFile; fileRef = 41FBEBF72027903E003750D6 /* AmazonApiRequestManager.swift */; };
/* End PBXBuildFile section */

/* Begin PBXFileReference section */
		1D8BBB858DD5DBD0D245D613 /* Pods_SwiftTestProject.framework */ = {isa = PBXFileReference; explicitFileType = wrapper.framework; includeInIndex = 0; path = Pods_SwiftTestProject.framework; sourceTree = BUILT_PRODUCTS_DIR; };
		297ED31111797B74FB43AABB /* Pods-SwiftTestProject.release.xcconfig */ = {isa = PBXFileReference; includeInIndex = 1; lastKnownFileType = text.xcconfig; name = "Pods-SwiftTestProject.release.xcconfig"; path = "Pods/Target Support Files/Pods-SwiftTestProject/Pods-SwiftTestProject.release.xcconfig"; sourceTree = "<group>"; };
		411BCC662043213800B94C2F /* TeamCell.swift */ = {isa = PBXFileReference; lastKnownFileType = sourcecode.swift; path = TeamCell.swift; sourceTree = "<group>"; };
		411BCC672043213800B94C2F /* TeamCellViewModel.swift */ = {isa = PBXFileReference; lastKnownFileType = sourcecode.swift; path = TeamCellViewModel.swift; sourceTree = "<group>"; };
		411BCC682043213800B94C2F /* TeamCell.xib */ = {isa = PBXFileReference; lastKnownFileType = file.xib; path = TeamCell.xib; sourceTree = "<group>"; };
		413260E9202A4E98009B17D1 /* NetworkingError.swift */ = {isa = PBXFileReference; lastKnownFileType = sourcecode.swift; path = NetworkingError.swift; sourceTree = "<group>"; };
		413260EB202A4EC3009B17D1 /* ApiResponce.swift */ = {isa = PBXFileReference; lastKnownFileType = sourcecode.swift; path = ApiResponce.swift; sourceTree = "<group>"; };
		413260ED202A50C4009B17D1 /* TargetType.swift */ = {isa = PBXFileReference; lastKnownFileType = sourcecode.swift; path = TargetType.swift; sourceTree = "<group>"; };
		413260EF202A5248009B17D1 /* Encoding.swift */ = {isa = PBXFileReference; lastKnownFileType = sourcecode.swift; path = Encoding.swift; sourceTree = "<group>"; };
		413260F2202B7379009B17D1 /* Rider.swift */ = {isa = PBXFileReference; lastKnownFileType = sourcecode.swift; path = Rider.swift; sourceTree = "<group>"; };
		413260F4202B89A6009B17D1 /* Method.swift */ = {isa = PBXFileReference; lastKnownFileType = sourcecode.swift; path = Method.swift; sourceTree = "<group>"; };
		413260F7202BA4C7009B17D1 /* RiderTableViewCell.swift */ = {isa = PBXFileReference; lastKnownFileType = sourcecode.swift; path = RiderTableViewCell.swift; sourceTree = "<group>"; };
		413260F8202BA4C7009B17D1 /* RiderTableViewCellViewModel.swift */ = {isa = PBXFileReference; lastKnownFileType = sourcecode.swift; path = RiderTableViewCellViewModel.swift; sourceTree = "<group>"; };
		413260F9202BA4C7009B17D1 /* RiderTableViewCell.xib */ = {isa = PBXFileReference; lastKnownFileType = file.xib; path = RiderTableViewCell.xib; sourceTree = "<group>"; };
		413260FE202BAC25009B17D1 /* RiderMapper.swift */ = {isa = PBXFileReference; lastKnownFileType = sourcecode.swift; path = RiderMapper.swift; sourceTree = "<group>"; };
		415F433C2031E9AF00EB18BE /* TeamsPresenter.swift */ = {isa = PBXFileReference; lastKnownFileType = sourcecode.swift; path = TeamsPresenter.swift; sourceTree = "<group>"; };
		415F433D2031E9AF00EB18BE /* TeamsRouter.swift */ = {isa = PBXFileReference; lastKnownFileType = sourcecode.swift; path = TeamsRouter.swift; sourceTree = "<group>"; };
		415F433E2031E9AF00EB18BE /* TeamsViewController.swift */ = {isa = PBXFileReference; lastKnownFileType = sourcecode.swift; path = TeamsViewController.swift; sourceTree = "<group>"; };
		415F433F2031E9AF00EB18BE /* TeamsInteractor.swift */ = {isa = PBXFileReference; lastKnownFileType = sourcecode.swift; path = TeamsInteractor.swift; sourceTree = "<group>"; };
		415F43402031E9AF00EB18BE /* TeamsViewController.xib */ = {isa = PBXFileReference; lastKnownFileType = file.xib; path = TeamsViewController.xib; sourceTree = "<group>"; };
		415F435D2031EE4500EB18BE /* TeamTableViewCell.swift */ = {isa = PBXFileReference; lastKnownFileType = sourcecode.swift; path = TeamTableViewCell.swift; sourceTree = "<group>"; };
		415F435E2031EE4500EB18BE /* TeamTableViewCellViewModel.swift */ = {isa = PBXFileReference; lastKnownFileType = sourcecode.swift; path = TeamTableViewCellViewModel.swift; sourceTree = "<group>"; };
		415F435F2031EE4500EB18BE /* TeamTableViewCell.xib */ = {isa = PBXFileReference; lastKnownFileType = file.xib; path = TeamTableViewCell.xib; sourceTree = "<group>"; };
		415F43632031EE6100EB18BE /* Team.swift */ = {isa = PBXFileReference; lastKnownFileType = sourcecode.swift; path = Team.swift; sourceTree = "<group>"; };
		415F43652031F0AF00EB18BE /* TeamMapper.swift */ = {isa = PBXFileReference; lastKnownFileType = sourcecode.swift; path = TeamMapper.swift; sourceTree = "<group>"; };
		415F43672031F15100EB18BE /* TeamsService.swift */ = {isa = PBXFileReference; lastKnownFileType = sourcecode.swift; path = TeamsService.swift; sourceTree = "<group>"; };
		41650AFB2030CE700083B5DB /* ProfileRiderPresenter.swift */ = {isa = PBXFileReference; lastKnownFileType = sourcecode.swift; path = ProfileRiderPresenter.swift; sourceTree = "<group>"; };
		41650AFC2030CE700083B5DB /* ProfileRiderRouter.swift */ = {isa = PBXFileReference; lastKnownFileType = sourcecode.swift; path = ProfileRiderRouter.swift; sourceTree = "<group>"; };
		41650AFD2030CE700083B5DB /* ProfileRiderViewController.swift */ = {isa = PBXFileReference; lastKnownFileType = sourcecode.swift; path = ProfileRiderViewController.swift; sourceTree = "<group>"; };
		41650AFE2030CE700083B5DB /* ProfileRiderInteractor.swift */ = {isa = PBXFileReference; lastKnownFileType = sourcecode.swift; path = ProfileRiderInteractor.swift; sourceTree = "<group>"; };
		41650AFF2030CE700083B5DB /* ProfileRiderViewController.xib */ = {isa = PBXFileReference; lastKnownFileType = file.xib; path = ProfileRiderViewController.xib; sourceTree = "<group>"; };
		41650B052030E65B0083B5DB /* NavigationRouter.swift */ = {isa = PBXFileReference; lastKnownFileType = sourcecode.swift; path = NavigationRouter.swift; sourceTree = "<group>"; };
		41650B092030EE900083B5DB /* ProfileRiderViewModel.swift */ = {isa = PBXFileReference; lastKnownFileType = sourcecode.swift; path = ProfileRiderViewModel.swift; sourceTree = "<group>"; };
		416547D3203D938900B1C3A3 /* Profile.swift */ = {isa = PBXFileReference; lastKnownFileType = sourcecode.swift; path = Profile.swift; sourceTree = "<group>"; };
		416547D5203D978B00B1C3A3 /* ProfileMapper.swift */ = {isa = PBXFileReference; lastKnownFileType = sourcecode.swift; path = ProfileMapper.swift; sourceTree = "<group>"; };
		41CF9FEC2040435F00BE1005 /* PhotoCell.swift */ = {isa = PBXFileReference; lastKnownFileType = sourcecode.swift; path = PhotoCell.swift; sourceTree = "<group>"; };
		41CF9FED2040435F00BE1005 /* PhotoCellViewModel.swift */ = {isa = PBXFileReference; lastKnownFileType = sourcecode.swift; path = PhotoCellViewModel.swift; sourceTree = "<group>"; };
		41CF9FEE2040435F00BE1005 /* PhotoCell.xib */ = {isa = PBXFileReference; lastKnownFileType = file.xib; path = PhotoCell.xib; sourceTree = "<group>"; };
		41CF9FF720404D6B00BE1005 /* TableViewCell.swift */ = {isa = PBXFileReference; lastKnownFileType = sourcecode.swift; name = TableViewCell.swift; path = Extensions/TableViewCell.swift; sourceTree = "<group>"; };
		41CF9FF920407BC600BE1005 /* InfoCell.swift */ = {isa = PBXFileReference; lastKnownFileType = sourcecode.swift; path = InfoCell.swift; sourceTree = "<group>"; };
		41CF9FFA20407BC600BE1005 /* InfoCellViewModel.swift */ = {isa = PBXFileReference; lastKnownFileType = sourcecode.swift; path = InfoCellViewModel.swift; sourceTree = "<group>"; };
		41CF9FFB20407BC600BE1005 /* InfoCell.xib */ = {isa = PBXFileReference; lastKnownFileType = file.xib; path = InfoCell.xib; sourceTree = "<group>"; };
		41CF9FFF20407BCF00BE1005 /* BikeCell.swift */ = {isa = PBXFileReference; lastKnownFileType = sourcecode.swift; path = BikeCell.swift; sourceTree = "<group>"; };
		41CFA00020407BCF00BE1005 /* BikeCellViewModel.swift */ = {isa = PBXFileReference; lastKnownFileType = sourcecode.swift; path = BikeCellViewModel.swift; sourceTree = "<group>"; };
		41CFA00120407BCF00BE1005 /* BikeCell.xib */ = {isa = PBXFileReference; lastKnownFileType = file.xib; path = BikeCell.xib; sourceTree = "<group>"; };
		41CFA00520407BE600BE1005 /* PersonalInformationCell.swift */ = {isa = PBXFileReference; lastKnownFileType = sourcecode.swift; path = PersonalInformationCell.swift; sourceTree = "<group>"; };
		41CFA00620407BE600BE1005 /* PersonalInformationCellViewModel.swift */ = {isa = PBXFileReference; lastKnownFileType = sourcecode.swift; path = PersonalInformationCellViewModel.swift; sourceTree = "<group>"; };
		41CFA00720407BE600BE1005 /* PersonalInformationCell.xib */ = {isa = PBXFileReference; lastKnownFileType = file.xib; path = PersonalInformationCell.xib; sourceTree = "<group>"; };
		41CFA00B20407BF400BE1005 /* DetailsInfoCell.swift */ = {isa = PBXFileReference; lastKnownFileType = sourcecode.swift; path = DetailsInfoCell.swift; sourceTree = "<group>"; };
		41CFA00C20407BF400BE1005 /* DetailsInfoCellViewModel.swift */ = {isa = PBXFileReference; lastKnownFileType = sourcecode.swift; path = DetailsInfoCellViewModel.swift; sourceTree = "<group>"; };
		41CFA00D20407BF400BE1005 /* DetailsInfoCell.xib */ = {isa = PBXFileReference; lastKnownFileType = file.xib; path = DetailsInfoCell.xib; sourceTree = "<group>"; };
		41FBEBC52027800F003750D6 /* SwiftTestProject.app */ = {isa = PBXFileReference; explicitFileType = wrapper.application; includeInIndex = 0; path = SwiftTestProject.app; sourceTree = BUILT_PRODUCTS_DIR; };
		41FBEBC82027800F003750D6 /* AppDelegate.swift */ = {isa = PBXFileReference; lastKnownFileType = sourcecode.swift; path = AppDelegate.swift; sourceTree = "<group>"; };
		41FBEBCF2027800F003750D6 /* Assets.xcassets */ = {isa = PBXFileReference; lastKnownFileType = folder.assetcatalog; path = Assets.xcassets; sourceTree = "<group>"; };
		41FBEBD22027800F003750D6 /* Base */ = {isa = PBXFileReference; lastKnownFileType = file.storyboard; name = Base; path = Base.lproj/LaunchScreen.storyboard; sourceTree = "<group>"; };
		41FBEBD42027800F003750D6 /* Info.plist */ = {isa = PBXFileReference; lastKnownFileType = text.plist.xml; path = Info.plist; sourceTree = "<group>"; };
		41FBEBDA20278447003750D6 /* RidersPresenter.swift */ = {isa = PBXFileReference; lastKnownFileType = sourcecode.swift; path = RidersPresenter.swift; sourceTree = "<group>"; };
		41FBEBDB20278447003750D6 /* RidersRouter.swift */ = {isa = PBXFileReference; lastKnownFileType = sourcecode.swift; path = RidersRouter.swift; sourceTree = "<group>"; };
		41FBEBDC20278447003750D6 /* RidersViewController.swift */ = {isa = PBXFileReference; lastKnownFileType = sourcecode.swift; path = RidersViewController.swift; sourceTree = "<group>"; };
		41FBEBDD20278447003750D6 /* RidersInteractor.swift */ = {isa = PBXFileReference; lastKnownFileType = sourcecode.swift; path = RidersInteractor.swift; sourceTree = "<group>"; };
		41FBEBDE20278447003750D6 /* RidersViewController.xib */ = {isa = PBXFileReference; lastKnownFileType = file.xib; path = RidersViewController.xib; sourceTree = "<group>"; };
		41FBEBE6202784EA003750D6 /* AppDelegateInteractor.swift */ = {isa = PBXFileReference; lastKnownFileType = sourcecode.swift; path = AppDelegateInteractor.swift; sourceTree = "<group>"; };
		41FBEBE8202784F7003750D6 /* AppDelegateRouter.swift */ = {isa = PBXFileReference; lastKnownFileType = sourcecode.swift; path = AppDelegateRouter.swift; sourceTree = "<group>"; };
		41FBEBEA20278908003750D6 /* NSObjectExtensions.swift */ = {isa = PBXFileReference; lastKnownFileType = sourcecode.swift; name = NSObjectExtensions.swift; path = Extensions/NSObjectExtensions.swift; sourceTree = "<group>"; };
		41FBEBEE20278F56003750D6 /* RidersService.swift */ = {isa = PBXFileReference; lastKnownFileType = sourcecode.swift; path = RidersService.swift; sourceTree = "<group>"; };
		41FBEBF220278FCF003750D6 /* ApiService.swift */ = {isa = PBXFileReference; lastKnownFileType = sourcecode.swift; path = ApiService.swift; sourceTree = "<group>"; };
		41FBEBF520279027003750D6 /* AmazonApiToken.swift */ = {isa = PBXFileReference; lastKnownFileType = sourcecode.swift; path = AmazonApiToken.swift; sourceTree = "<group>"; };
		41FBEBF72027903E003750D6 /* AmazonApiRequestManager.swift */ = {isa = PBXFileReference; lastKnownFileType = sourcecode.swift; path = AmazonApiRequestManager.swift; sourceTree = "<group>"; };
		D79040DFF4455AAD4E4A3343 /* Pods-SwiftTestProject.debug.xcconfig */ = {isa = PBXFileReference; includeInIndex = 1; lastKnownFileType = text.xcconfig; name = "Pods-SwiftTestProject.debug.xcconfig"; path = "Pods/Target Support Files/Pods-SwiftTestProject/Pods-SwiftTestProject.debug.xcconfig"; sourceTree = "<group>"; };
/* End PBXFileReference section */

/* Begin PBXFrameworksBuildPhase section */
		41FBEBC22027800F003750D6 /* Frameworks */ = {
			isa = PBXFrameworksBuildPhase;
			buildActionMask = 2147483647;
			files = (
				256AE4EA731B2A47B14AD029 /* Pods_SwiftTestProject.framework in Frameworks */,
			);
			runOnlyForDeploymentPostprocessing = 0;
		};
/* End PBXFrameworksBuildPhase section */

/* Begin PBXGroup section */
		383FBDDE7D6C8B2D9F675521 /* Frameworks */ = {
			isa = PBXGroup;
			children = (
				1D8BBB858DD5DBD0D245D613 /* Pods_SwiftTestProject.framework */,
			);
			name = Frameworks;
			sourceTree = "<group>";
		};
		411BCC652043211700B94C2F /* Team */ = {
			isa = PBXGroup;
			children = (
				411BCC662043213800B94C2F /* TeamCell.swift */,
				411BCC672043213800B94C2F /* TeamCellViewModel.swift */,
				411BCC682043213800B94C2F /* TeamCell.xib */,
			);
			path = Team;
			sourceTree = "<group>";
		};
		413260F1202B7361009B17D1 /* Entity */ = {
			isa = PBXGroup;
			children = (
				413260F2202B7379009B17D1 /* Rider.swift */,
				415F43632031EE6100EB18BE /* Team.swift */,
				416547D3203D938900B1C3A3 /* Profile.swift */,
			);
			path = Entity;
			sourceTree = "<group>";
		};
		413260F6202BA487009B17D1 /* Cell's */ = {
			isa = PBXGroup;
			children = (
				415F43482031EC8A00EB18BE /* Teams */,
				415F43472031EC7400EB18BE /* Rider */,
				41CF9FEB2040433500BE1005 /* Profile */,
			);
			path = "Cell's";
			sourceTree = "<group>";
		};
		413260FD202BABFF009B17D1 /* Mappers */ = {
			isa = PBXGroup;
			children = (
				413260FE202BAC25009B17D1 /* RiderMapper.swift */,
				415F43652031F0AF00EB18BE /* TeamMapper.swift */,
				416547D5203D978B00B1C3A3 /* ProfileMapper.swift */,
			);
			path = Mappers;
			sourceTree = "<group>";
		};
		415F433B2031E99200EB18BE /* Teams */ = {
			isa = PBXGroup;
			children = (
				415F433C2031E9AF00EB18BE /* TeamsPresenter.swift */,
				415F433D2031E9AF00EB18BE /* TeamsRouter.swift */,
				415F433E2031E9AF00EB18BE /* TeamsViewController.swift */,
				415F433F2031E9AF00EB18BE /* TeamsInteractor.swift */,
				415F43402031E9AF00EB18BE /* TeamsViewController.xib */,
			);
			path = Teams;
			sourceTree = "<group>";
		};
		415F43472031EC7400EB18BE /* Rider */ = {
			isa = PBXGroup;
			children = (
				413260F7202BA4C7009B17D1 /* RiderTableViewCell.swift */,
				413260F8202BA4C7009B17D1 /* RiderTableViewCellViewModel.swift */,
				413260F9202BA4C7009B17D1 /* RiderTableViewCell.xib */,
			);
			path = Rider;
			sourceTree = "<group>";
		};
		415F43482031EC8A00EB18BE /* Teams */ = {
			isa = PBXGroup;
			children = (
				415F435D2031EE4500EB18BE /* TeamTableViewCell.swift */,
				415F435E2031EE4500EB18BE /* TeamTableViewCellViewModel.swift */,
				415F435F2031EE4500EB18BE /* TeamTableViewCell.xib */,
			);
			path = Teams;
			sourceTree = "<group>";
		};
		41650AFA202F336F0083B5DB /* Profile */ = {
			isa = PBXGroup;
			children = (
				41650AFB2030CE700083B5DB /* ProfileRiderPresenter.swift */,
				41650AFC2030CE700083B5DB /* ProfileRiderRouter.swift */,
				41650AFD2030CE700083B5DB /* ProfileRiderViewController.swift */,
				41650AFE2030CE700083B5DB /* ProfileRiderInteractor.swift */,
				41650AFF2030CE700083B5DB /* ProfileRiderViewController.xib */,
			);
			path = Profile;
			sourceTree = "<group>";
		};
		41650B082030EE530083B5DB /* ViewModels */ = {
			isa = PBXGroup;
			children = (
				41650B092030EE900083B5DB /* ProfileRiderViewModel.swift */,
			);
			path = ViewModels;
			sourceTree = "<group>";
		};
		41CF9FEB2040433500BE1005 /* Profile */ = {
			isa = PBXGroup;
			children = (
				41CF9FF22040436A00BE1005 /* Photo */,
				41CF9FF42040438700BE1005 /* Bike */,
				411BCC652043211700B94C2F /* Team */,
				41CF9FF32040437B00BE1005 /* Info */,
				41CF9FF6204043DD00BE1005 /* PersonalInformation */,
				41CF9FF5204043AE00BE1005 /* DetailsInfo */,
			);
			path = Profile;
			sourceTree = "<group>";
		};
		41CF9FF22040436A00BE1005 /* Photo */ = {
			isa = PBXGroup;
			children = (
				41CF9FEC2040435F00BE1005 /* PhotoCell.swift */,
				41CF9FED2040435F00BE1005 /* PhotoCellViewModel.swift */,
				41CF9FEE2040435F00BE1005 /* PhotoCell.xib */,
			);
			path = Photo;
			sourceTree = "<group>";
		};
		41CF9FF32040437B00BE1005 /* Info */ = {
			isa = PBXGroup;
			children = (
				41CF9FF920407BC600BE1005 /* InfoCell.swift */,
				41CF9FFA20407BC600BE1005 /* InfoCellViewModel.swift */,
				41CF9FFB20407BC600BE1005 /* InfoCell.xib */,
			);
			path = Info;
			sourceTree = "<group>";
		};
		41CF9FF42040438700BE1005 /* Bike */ = {
			isa = PBXGroup;
			children = (
				41CF9FFF20407BCF00BE1005 /* BikeCell.swift */,
				41CFA00020407BCF00BE1005 /* BikeCellViewModel.swift */,
				41CFA00120407BCF00BE1005 /* BikeCell.xib */,
			);
			path = Bike;
			sourceTree = "<group>";
		};
		41CF9FF5204043AE00BE1005 /* DetailsInfo */ = {
			isa = PBXGroup;
			children = (
				41CFA00B20407BF400BE1005 /* DetailsInfoCell.swift */,
				41CFA00C20407BF400BE1005 /* DetailsInfoCellViewModel.swift */,
				41CFA00D20407BF400BE1005 /* DetailsInfoCell.xib */,
			);
			path = DetailsInfo;
			sourceTree = "<group>";
		};
		41CF9FF6204043DD00BE1005 /* PersonalInformation */ = {
			isa = PBXGroup;
			children = (
				41CFA00520407BE600BE1005 /* PersonalInformationCell.swift */,
				41CFA00620407BE600BE1005 /* PersonalInformationCellViewModel.swift */,
				41CFA00720407BE600BE1005 /* PersonalInformationCell.xib */,
			);
			path = PersonalInformation;
			sourceTree = "<group>";
		};
		41FBEBBC2027800F003750D6 = {
			isa = PBXGroup;
			children = (
				41FBEBC72027800F003750D6 /* SwiftTestProject */,
				41FBEBC62027800F003750D6 /* Products */,
				9A1CDB292B662FB89243D0AB /* Pods */,
				383FBDDE7D6C8B2D9F675521 /* Frameworks */,
			);
			sourceTree = "<group>";
		};
		41FBEBC62027800F003750D6 /* Products */ = {
			isa = PBXGroup;
			children = (
				41FBEBC52027800F003750D6 /* SwiftTestProject.app */,
			);
			name = Products;
			sourceTree = "<group>";
		};
		41FBEBC72027800F003750D6 /* SwiftTestProject */ = {
			isa = PBXGroup;
			children = (
				41FBEBC82027800F003750D6 /* AppDelegate.swift */,
				41FBEBE6202784EA003750D6 /* AppDelegateInteractor.swift */,
				41FBEBE8202784F7003750D6 /* AppDelegateRouter.swift */,
				413260F1202B7361009B17D1 /* Entity */,
				41FBEBF020278F63003750D6 /* Core */,
				41FBEBED20278F26003750D6 /* Services */,
				41FBEBE520278460003750D6 /* Presentation */,
				41FBEBCF2027800F003750D6 /* Assets.xcassets */,
				41FBEBD12027800F003750D6 /* LaunchScreen.storyboard */,
				41FBEBD42027800F003750D6 /* Info.plist */,
				41FBEBEA20278908003750D6 /* NSObjectExtensions.swift */,
				41CF9FF720404D6B00BE1005 /* TableViewCell.swift */,
				41650B052030E65B0083B5DB /* NavigationRouter.swift */,
			);
			path = SwiftTestProject;
			sourceTree = "<group>";
		};
		41FBEBE42027844C003750D6 /* Riders */ = {
			isa = PBXGroup;
			children = (
				41FBEBDA20278447003750D6 /* RidersPresenter.swift */,
				41FBEBDB20278447003750D6 /* RidersRouter.swift */,
				41FBEBDC20278447003750D6 /* RidersViewController.swift */,
				41FBEBDD20278447003750D6 /* RidersInteractor.swift */,
				41FBEBDE20278447003750D6 /* RidersViewController.xib */,
			);
			path = Riders;
			sourceTree = "<group>";
		};
		41FBEBE520278460003750D6 /* Presentation */ = {
			isa = PBXGroup;
			children = (
				413260F6202BA487009B17D1 /* Cell's */,
				41650B082030EE530083B5DB /* ViewModels */,
				415F433B2031E99200EB18BE /* Teams */,
				41FBEBE42027844C003750D6 /* Riders */,
				41650AFA202F336F0083B5DB /* Profile */,
			);
			path = Presentation;
			sourceTree = "<group>";
		};
		41FBEBED20278F26003750D6 /* Services */ = {
			isa = PBXGroup;
			children = (
				413260FD202BABFF009B17D1 /* Mappers */,
				41FBEBEE20278F56003750D6 /* RidersService.swift */,
				415F43672031F15100EB18BE /* TeamsService.swift */,
			);
			path = Services;
			sourceTree = "<group>";
		};
		41FBEBF020278F63003750D6 /* Core */ = {
			isa = PBXGroup;
			children = (
				41FBEBF120278F6D003750D6 /* Networking */,
			);
			path = Core;
			sourceTree = "<group>";
		};
		41FBEBF120278F6D003750D6 /* Networking */ = {
			isa = PBXGroup;
			children = (
				41FBEBF420279003003750D6 /* Amazon */,
				41FBEBF220278FCF003750D6 /* ApiService.swift */,
				413260EB202A4EC3009B17D1 /* ApiResponce.swift */,
				413260E9202A4E98009B17D1 /* NetworkingError.swift */,
				413260ED202A50C4009B17D1 /* TargetType.swift */,
				413260EF202A5248009B17D1 /* Encoding.swift */,
				413260F4202B89A6009B17D1 /* Method.swift */,
			);
			path = Networking;
			sourceTree = "<group>";
		};
		41FBEBF420279003003750D6 /* Amazon */ = {
			isa = PBXGroup;
			children = (
				41FBEBF520279027003750D6 /* AmazonApiToken.swift */,
				41FBEBF72027903E003750D6 /* AmazonApiRequestManager.swift */,
			);
			path = Amazon;
			sourceTree = "<group>";
		};
		9A1CDB292B662FB89243D0AB /* Pods */ = {
			isa = PBXGroup;
			children = (
				D79040DFF4455AAD4E4A3343 /* Pods-SwiftTestProject.debug.xcconfig */,
				297ED31111797B74FB43AABB /* Pods-SwiftTestProject.release.xcconfig */,
			);
			name = Pods;
			sourceTree = "<group>";
		};
/* End PBXGroup section */

/* Begin PBXNativeTarget section */
		41FBEBC42027800F003750D6 /* SwiftTestProject */ = {
			isa = PBXNativeTarget;
			buildConfigurationList = 41FBEBD72027800F003750D6 /* Build configuration list for PBXNativeTarget "SwiftTestProject" */;
			buildPhases = (
				8177B2FFF7E2E84BDE323BDD /* [CP] Check Pods Manifest.lock */,
				41FBEBC12027800F003750D6 /* Sources */,
				41FBEBC22027800F003750D6 /* Frameworks */,
				41FBEBC32027800F003750D6 /* Resources */,
				C0390CA5F0A705CB0AD50435 /* [CP] Embed Pods Frameworks */,
				9A15FBF0262988C079F7057F /* [CP] Copy Pods Resources */,
			);
			buildRules = (
			);
			dependencies = (
			);
			name = SwiftTestProject;
			productName = SwiftTestProject;
			productReference = 41FBEBC52027800F003750D6 /* SwiftTestProject.app */;
			productType = "com.apple.product-type.application";
		};
/* End PBXNativeTarget section */

/* Begin PBXProject section */
		41FBEBBD2027800F003750D6 /* Project object */ = {
			isa = PBXProject;
			attributes = {
				LastSwiftUpdateCheck = 0920;
				LastUpgradeCheck = 0920;
				ORGANIZATIONNAME = "Dima Yarmolchuk";
				TargetAttributes = {
					41FBEBC42027800F003750D6 = {
						CreatedOnToolsVersion = 9.2;
						ProvisioningStyle = Automatic;
					};
				};
			};
			buildConfigurationList = 41FBEBC02027800F003750D6 /* Build configuration list for PBXProject "SwiftTestProject" */;
			compatibilityVersion = "Xcode 8.0";
			developmentRegion = en;
			hasScannedForEncodings = 0;
			knownRegions = (
				en,
				Base,
			);
			mainGroup = 41FBEBBC2027800F003750D6;
			productRefGroup = 41FBEBC62027800F003750D6 /* Products */;
			projectDirPath = "";
			projectRoot = "";
			targets = (
				41FBEBC42027800F003750D6 /* SwiftTestProject */,
			);
		};
/* End PBXProject section */

/* Begin PBXResourcesBuildPhase section */
		41FBEBC32027800F003750D6 /* Resources */ = {
			isa = PBXResourcesBuildPhase;
			buildActionMask = 2147483647;
			files = (
				41CF9FF12040435F00BE1005 /* PhotoCell.xib in Resources */,
				413260FC202BA4C7009B17D1 /* RiderTableViewCell.xib in Resources */,
				41CFA01020407BF400BE1005 /* DetailsInfoCell.xib in Resources */,
				41FBEBD32027800F003750D6 /* LaunchScreen.storyboard in Resources */,
				41CFA00A20407BE600BE1005 /* PersonalInformationCell.xib in Resources */,
				41650B042030CE700083B5DB /* ProfileRiderViewController.xib in Resources */,
				41CFA00420407BCF00BE1005 /* BikeCell.xib in Resources */,
				41CF9FFE20407BC600BE1005 /* InfoCell.xib in Resources */,
				41FBEBD02027800F003750D6 /* Assets.xcassets in Resources */,
				41FBEBE320278447003750D6 /* RidersViewController.xib in Resources */,
				415F43452031E9AF00EB18BE /* TeamsViewController.xib in Resources */,
				415F43622031EE4500EB18BE /* TeamTableViewCell.xib in Resources */,
				411BCC6B2043213800B94C2F /* TeamCell.xib in Resources */,
			);
			runOnlyForDeploymentPostprocessing = 0;
		};
/* End PBXResourcesBuildPhase section */

/* Begin PBXShellScriptBuildPhase section */
		8177B2FFF7E2E84BDE323BDD /* [CP] Check Pods Manifest.lock */ = {
			isa = PBXShellScriptBuildPhase;
			buildActionMask = 2147483647;
			files = (
			);
			inputPaths = (
				"${PODS_PODFILE_DIR_PATH}/Podfile.lock",
				"${PODS_ROOT}/Manifest.lock",
			);
			name = "[CP] Check Pods Manifest.lock";
			outputPaths = (
				"$(DERIVED_FILE_DIR)/Pods-SwiftTestProject-checkManifestLockResult.txt",
			);
			runOnlyForDeploymentPostprocessing = 0;
			shellPath = /bin/sh;
			shellScript = "diff \"${PODS_PODFILE_DIR_PATH}/Podfile.lock\" \"${PODS_ROOT}/Manifest.lock\" > /dev/null\nif [ $? != 0 ] ; then\n    # print error to STDERR\n    echo \"error: The sandbox is not in sync with the Podfile.lock. Run 'pod install' or update your CocoaPods installation.\" >&2\n    exit 1\nfi\n# This output is used by Xcode 'outputs' to avoid re-running this script phase.\necho \"SUCCESS\" > \"${SCRIPT_OUTPUT_FILE_0}\"\n";
			showEnvVarsInLog = 0;
		};
		9A15FBF0262988C079F7057F /* [CP] Copy Pods Resources */ = {
			isa = PBXShellScriptBuildPhase;
			buildActionMask = 2147483647;
			files = (
			);
			inputPaths = (
			);
			name = "[CP] Copy Pods Resources";
			outputPaths = (
			);
			runOnlyForDeploymentPostprocessing = 0;
			shellPath = /bin/sh;
			shellScript = "\"${SRCROOT}/Pods/Target Support Files/Pods-SwiftTestProject/Pods-SwiftTestProject-resources.sh\"\n";
			showEnvVarsInLog = 0;
		};
		C0390CA5F0A705CB0AD50435 /* [CP] Embed Pods Frameworks */ = {
			isa = PBXShellScriptBuildPhase;
			buildActionMask = 2147483647;
			files = (
			);
			inputPaths = (
				"${SRCROOT}/Pods/Target Support Files/Pods-SwiftTestProject/Pods-SwiftTestProject-frameworks.sh",
				"${BUILT_PRODUCTS_DIR}/SwiftyJSON/SwiftyJSON.framework",
			);
			name = "[CP] Embed Pods Frameworks";
			outputPaths = (
				"${TARGET_BUILD_DIR}/${FRAMEWORKS_FOLDER_PATH}/SwiftyJSON.framework",
			);
			runOnlyForDeploymentPostprocessing = 0;
			shellPath = /bin/sh;
			shellScript = "\"${SRCROOT}/Pods/Target Support Files/Pods-SwiftTestProject/Pods-SwiftTestProject-frameworks.sh\"\n";
			showEnvVarsInLog = 0;
		};
/* End PBXShellScriptBuildPhase section */

/* Begin PBXSourcesBuildPhase section */
		41FBEBC12027800F003750D6 /* Sources */ = {
			isa = PBXSourcesBuildPhase;
			buildActionMask = 2147483647;
			files = (
				413260F0202A5248009B17D1 /* Encoding.swift in Sources */,
				41650B0A2030EE900083B5DB /* ProfileRiderViewModel.swift in Sources */,
				41650B032030CE700083B5DB /* ProfileRiderInteractor.swift in Sources */,
				413260EE202A50C4009B17D1 /* TargetType.swift in Sources */,
				413260F3202B7379009B17D1 /* Rider.swift in Sources */,
				41FBEBE9202784F7003750D6 /* AppDelegateRouter.swift in Sources */,
				415F43442031E9AF00EB18BE /* TeamsInteractor.swift in Sources */,
				41FBEBEF20278F56003750D6 /* RidersService.swift in Sources */,
				415F43642031EE6100EB18BE /* Team.swift in Sources */,
				41FBEBE220278447003750D6 /* RidersInteractor.swift in Sources */,
				41FBEBC92027800F003750D6 /* AppDelegate.swift in Sources */,
				41FBEBEB20278908003750D6 /* NSObjectExtensions.swift in Sources */,
				411BCC692043213800B94C2F /* TeamCell.swift in Sources */,
				413260F5202B89A6009B17D1 /* Method.swift in Sources */,
				41CF9FF820404D6B00BE1005 /* TableViewCell.swift in Sources */,
				41650B062030E65B0083B5DB /* NavigationRouter.swift in Sources */,
				413260EC202A4EC3009B17D1 /* ApiResponce.swift in Sources */,
				41CF9FFD20407BC600BE1005 /* InfoCellViewModel.swift in Sources */,
				415F43432031E9AF00EB18BE /* TeamsViewController.swift in Sources */,
				41CFA00E20407BF400BE1005 /* DetailsInfoCell.swift in Sources */,
				413260EA202A4E98009B17D1 /* NetworkingError.swift in Sources */,
				41CF9FF02040435F00BE1005 /* PhotoCellViewModel.swift in Sources */,
				41CFA00820407BE600BE1005 /* PersonalInformationCell.swift in Sources */,
				413260FB202BA4C7009B17D1 /* RiderTableViewCellViewModel.swift in Sources */,
				41FBEBF620279027003750D6 /* AmazonApiToken.swift in Sources */,
				41CF9FEF2040435F00BE1005 /* PhotoCell.swift in Sources */,
				41CFA00320407BCF00BE1005 /* BikeCellViewModel.swift in Sources */,
				41650B022030CE700083B5DB /* ProfileRiderViewController.swift in Sources */,
				41FBEBE120278447003750D6 /* RidersViewController.swift in Sources */,
				413260FA202BA4C7009B17D1 /* RiderTableViewCell.swift in Sources */,
				416547D4203D938900B1C3A3 /* Profile.swift in Sources */,
				41CFA00F20407BF400BE1005 /* DetailsInfoCellViewModel.swift in Sources */,
				415F43422031E9AF00EB18BE /* TeamsRouter.swift in Sources */,
				41FBEBF320278FCF003750D6 /* ApiService.swift in Sources */,
				415F43682031F15100EB18BE /* TeamsService.swift in Sources */,
				41CFA00920407BE600BE1005 /* PersonalInformationCellViewModel.swift in Sources */,
				415F43612031EE4500EB18BE /* TeamTableViewCellViewModel.swift in Sources */,
				413260FF202BAC25009B17D1 /* RiderMapper.swift in Sources */,
				41FBEBF82027903E003750D6 /* AmazonApiRequestManager.swift in Sources */,
				41FBEBE7202784EA003750D6 /* AppDelegateInteractor.swift in Sources */,
				416547D6203D978B00B1C3A3 /* ProfileMapper.swift in Sources */,
				41FBEBE020278447003750D6 /* RidersRouter.swift in Sources */,
				41CFA00220407BCF00BE1005 /* BikeCell.swift in Sources */,
				41650B012030CE700083B5DB /* ProfileRiderRouter.swift in Sources */,
				415F43602031EE4500EB18BE /* TeamTableViewCell.swift in Sources */,
				415F43412031E9AF00EB18BE /* TeamsPresenter.swift in Sources */,
				41FBEBDF20278447003750D6 /* RidersPresenter.swift in Sources */,
				415F43662031F0AF00EB18BE /* TeamMapper.swift in Sources */,
				41650B002030CE700083B5DB /* ProfileRiderPresenter.swift in Sources */,
				41CF9FFC20407BC600BE1005 /* InfoCell.swift in Sources */,
				411BCC6A2043213800B94C2F /* TeamCellViewModel.swift in Sources */,
			);
			runOnlyForDeploymentPostprocessing = 0;
		};
/* End PBXSourcesBuildPhase section */

/* Begin PBXVariantGroup section */
		41FBEBD12027800F003750D6 /* LaunchScreen.storyboard */ = {
			isa = PBXVariantGroup;
			children = (
				41FBEBD22027800F003750D6 /* Base */,
			);
			name = LaunchScreen.storyboard;
			sourceTree = "<group>";
		};
/* End PBXVariantGroup section */

/* Begin XCBuildConfiguration section */
		41FBEBD52027800F003750D6 /* Debug */ = {
			isa = XCBuildConfiguration;
			buildSettings = {
				ALWAYS_SEARCH_USER_PATHS = NO;
				CLANG_ANALYZER_NONNULL = YES;
				CLANG_ANALYZER_NUMBER_OBJECT_CONVERSION = YES_AGGRESSIVE;
				CLANG_CXX_LANGUAGE_STANDARD = "gnu++14";
				CLANG_CXX_LIBRARY = "libc++";
				CLANG_ENABLE_MODULES = YES;
				CLANG_ENABLE_OBJC_ARC = YES;
				CLANG_WARN_BLOCK_CAPTURE_AUTORELEASING = YES;
				CLANG_WARN_BOOL_CONVERSION = YES;
				CLANG_WARN_COMMA = YES;
				CLANG_WARN_CONSTANT_CONVERSION = YES;
				CLANG_WARN_DIRECT_OBJC_ISA_USAGE = YES_ERROR;
				CLANG_WARN_DOCUMENTATION_COMMENTS = YES;
				CLANG_WARN_EMPTY_BODY = YES;
				CLANG_WARN_ENUM_CONVERSION = YES;
				CLANG_WARN_INFINITE_RECURSION = YES;
				CLANG_WARN_INT_CONVERSION = YES;
				CLANG_WARN_NON_LITERAL_NULL_CONVERSION = YES;
				CLANG_WARN_OBJC_LITERAL_CONVERSION = YES;
				CLANG_WARN_OBJC_ROOT_CLASS = YES_ERROR;
				CLANG_WARN_RANGE_LOOP_ANALYSIS = YES;
				CLANG_WARN_STRICT_PROTOTYPES = YES;
				CLANG_WARN_SUSPICIOUS_MOVE = YES;
				CLANG_WARN_UNGUARDED_AVAILABILITY = YES_AGGRESSIVE;
				CLANG_WARN_UNREACHABLE_CODE = YES;
				CLANG_WARN__DUPLICATE_METHOD_MATCH = YES;
				CODE_SIGN_IDENTITY = "iPhone Developer";
				COPY_PHASE_STRIP = NO;
				DEBUG_INFORMATION_FORMAT = dwarf;
				ENABLE_STRICT_OBJC_MSGSEND = YES;
				ENABLE_TESTABILITY = YES;
				GCC_C_LANGUAGE_STANDARD = gnu11;
				GCC_DYNAMIC_NO_PIC = NO;
				GCC_NO_COMMON_BLOCKS = YES;
				GCC_OPTIMIZATION_LEVEL = 0;
				GCC_PREPROCESSOR_DEFINITIONS = (
					"DEBUG=1",
					"$(inherited)",
				);
				GCC_WARN_64_TO_32_BIT_CONVERSION = YES;
				GCC_WARN_ABOUT_RETURN_TYPE = YES_ERROR;
				GCC_WARN_UNDECLARED_SELECTOR = YES;
				GCC_WARN_UNINITIALIZED_AUTOS = YES_AGGRESSIVE;
				GCC_WARN_UNUSED_FUNCTION = YES;
				GCC_WARN_UNUSED_VARIABLE = YES;
				IPHONEOS_DEPLOYMENT_TARGET = 11.2;
				MTL_ENABLE_DEBUG_INFO = YES;
				ONLY_ACTIVE_ARCH = YES;
				SDKROOT = iphoneos;
				SWIFT_ACTIVE_COMPILATION_CONDITIONS = DEBUG;
				SWIFT_OPTIMIZATION_LEVEL = "-Onone";
			};
			name = Debug;
		};
		41FBEBD62027800F003750D6 /* Release */ = {
			isa = XCBuildConfiguration;
			buildSettings = {
				ALWAYS_SEARCH_USER_PATHS = NO;
				CLANG_ANALYZER_NONNULL = YES;
				CLANG_ANALYZER_NUMBER_OBJECT_CONVERSION = YES_AGGRESSIVE;
				CLANG_CXX_LANGUAGE_STANDARD = "gnu++14";
				CLANG_CXX_LIBRARY = "libc++";
				CLANG_ENABLE_MODULES = YES;
				CLANG_ENABLE_OBJC_ARC = YES;
				CLANG_WARN_BLOCK_CAPTURE_AUTORELEASING = YES;
				CLANG_WARN_BOOL_CONVERSION = YES;
				CLANG_WARN_COMMA = YES;
				CLANG_WARN_CONSTANT_CONVERSION = YES;
				CLANG_WARN_DIRECT_OBJC_ISA_USAGE = YES_ERROR;
				CLANG_WARN_DOCUMENTATION_COMMENTS = YES;
				CLANG_WARN_EMPTY_BODY = YES;
				CLANG_WARN_ENUM_CONVERSION = YES;
				CLANG_WARN_INFINITE_RECURSION = YES;
				CLANG_WARN_INT_CONVERSION = YES;
				CLANG_WARN_NON_LITERAL_NULL_CONVERSION = YES;
				CLANG_WARN_OBJC_LITERAL_CONVERSION = YES;
				CLANG_WARN_OBJC_ROOT_CLASS = YES_ERROR;
				CLANG_WARN_RANGE_LOOP_ANALYSIS = YES;
				CLANG_WARN_STRICT_PROTOTYPES = YES;
				CLANG_WARN_SUSPICIOUS_MOVE = YES;
				CLANG_WARN_UNGUARDED_AVAILABILITY = YES_AGGRESSIVE;
				CLANG_WARN_UNREACHABLE_CODE = YES;
				CLANG_WARN__DUPLICATE_METHOD_MATCH = YES;
				CODE_SIGN_IDENTITY = "iPhone Developer";
				COPY_PHASE_STRIP = NO;
				DEBUG_INFORMATION_FORMAT = "dwarf-with-dsym";
				ENABLE_NS_ASSERTIONS = NO;
				ENABLE_STRICT_OBJC_MSGSEND = YES;
				GCC_C_LANGUAGE_STANDARD = gnu11;
				GCC_NO_COMMON_BLOCKS = YES;
				GCC_WARN_64_TO_32_BIT_CONVERSION = YES;
				GCC_WARN_ABOUT_RETURN_TYPE = YES_ERROR;
				GCC_WARN_UNDECLARED_SELECTOR = YES;
				GCC_WARN_UNINITIALIZED_AUTOS = YES_AGGRESSIVE;
				GCC_WARN_UNUSED_FUNCTION = YES;
				GCC_WARN_UNUSED_VARIABLE = YES;
				IPHONEOS_DEPLOYMENT_TARGET = 11.2;
				MTL_ENABLE_DEBUG_INFO = NO;
				SDKROOT = iphoneos;
				SWIFT_OPTIMIZATION_LEVEL = "-Owholemodule";
				VALIDATE_PRODUCT = YES;
			};
			name = Release;
		};
		41FBEBD82027800F003750D6 /* Debug */ = {
			isa = XCBuildConfiguration;
			baseConfigurationReference = D79040DFF4455AAD4E4A3343 /* Pods-SwiftTestProject.debug.xcconfig */;
			buildSettings = {
				ASSETCATALOG_COMPILER_APPICON_NAME = AppIcon;
				CODE_SIGN_STYLE = Automatic;
				DEVELOPMENT_TEAM = 3CU2V6WDN6;
				INFOPLIST_FILE = SwiftTestProject/Info.plist;
				LD_RUNPATH_SEARCH_PATHS = "$(inherited) @executable_path/Frameworks";
				PRODUCT_BUNDLE_IDENTIFIER = com.yarmolchuk.SwiftTestProject;
				PRODUCT_NAME = "$(TARGET_NAME)";
				SWIFT_VERSION = 4.0;
				TARGETED_DEVICE_FAMILY = "1,2";
			};
			name = Debug;
		};
		41FBEBD92027800F003750D6 /* Release */ = {
			isa = XCBuildConfiguration;
			baseConfigurationReference = 297ED31111797B74FB43AABB /* Pods-SwiftTestProject.release.xcconfig */;
			buildSettings = {
				ASSETCATALOG_COMPILER_APPICON_NAME = AppIcon;
				CODE_SIGN_STYLE = Automatic;
				DEVELOPMENT_TEAM = 3CU2V6WDN6;
				INFOPLIST_FILE = SwiftTestProject/Info.plist;
				LD_RUNPATH_SEARCH_PATHS = "$(inherited) @executable_path/Frameworks";
				PRODUCT_BUNDLE_IDENTIFIER = com.yarmolchuk.SwiftTestProject;
				PRODUCT_NAME = "$(TARGET_NAME)";
				SWIFT_VERSION = 4.0;
				TARGETED_DEVICE_FAMILY = "1,2";
			};
			name = Release;
		};
/* End XCBuildConfiguration section */

/* Begin XCConfigurationList section */
		41FBEBC02027800F003750D6 /* Build configuration list for PBXProject "SwiftTestProject" */ = {
			isa = XCConfigurationList;
			buildConfigurations = (
				41FBEBD52027800F003750D6 /* Debug */,
				41FBEBD62027800F003750D6 /* Release */,
			);
			defaultConfigurationIsVisible = 0;
			defaultConfigurationName = Release;
		};
		41FBEBD72027800F003750D6 /* Build configuration list for PBXNativeTarget "SwiftTestProject" */ = {
			isa = XCConfigurationList;
			buildConfigurations = (
				41FBEBD82027800F003750D6 /* Debug */,
				41FBEBD92027800F003750D6 /* Release */,
			);
			defaultConfigurationIsVisible = 0;
			defaultConfigurationName = Release;
		};
/* End XCConfigurationList section */
	};
	rootObject = 41FBEBBD2027800F003750D6 /* Project object */;
}
